
Microsoft Visual Studio Solution File, Format Version 12.00
# Visual Studio Version 16
VisualStudioVersion = 16.0.31321.278
MinimumVisualStudioVersion = 10.0.40219.1
Project("{9A19103F-16F7-4668-BE54-9A1E7A4F7556}") = "whileLoops", "whileLoops.csproj", "{73111690-1FA9-4EC1-90B1-B837FF1868F0}"
EndProject
Project("{9A19103F-16F7-4668-BE54-9A1E7A4F7556}") = "01. Read Text", "..\01. Read Text\01. Read Text.csproj", "{6BE18AD2-36EE-4F8A-B3F1-97858EFFE21F}"
EndProject
Project("{9A19103F-16F7-4668-BE54-9A1E7A4F7556}") = "02. Password", "..\02. Password\02. Password.csproj", "{F05C167F-AA94-4E30-ABE9-B53C1B3344AB}"
EndProject
Project("{9A19103F-16F7-4668-BE54-9A1E7A4F7556}") = "03. Sum Numbers", "..\03. Sum Numbers\03. Sum Numbers.csproj", "{5DF4C5DF-9406-4A18-B200-EE71BC324022}"
EndProject
Project("{9A19103F-16F7-4668-BE54-9A1E7A4F7556}") = "04. Sequence 2k+1", "..\04. Sequence 2k+1\04. Sequence 2k+1.csproj", "{5309B2A6-64DD-4EB4-9484-E73D06AF66F7}"
EndProject
Project("{9A19103F-16F7-4668-BE54-9A1E7A4F7556}") = "05. Account Balance", "..\05. Account Balance\05. Account Balance.csproj", "{2CCDECF1-95DE-4E06-AD25-3164CA8CBF59}"
EndProject
Project("{9A19103F-16F7-4668-BE54-9A1E7A4F7556}") = "06. Max Number", "..\06. Max Number\06. Max Number.csproj", "{BA751951-BAC4-4FAB-B9F2-C07B1C8BB9DA}"
EndProject
Project("{9A19103F-16F7-4668-BE54-9A1E7A4F7556}") = "07. Min Number", "..\07. Min Number\07. Min Number.csproj", "{ACB72B06-0B21-493A-BE6F-4CBDB7D90328}"
EndProject
Project("{9A19103F-16F7-4668-BE54-9A1E7A4F7556}") = "08. Graduation pt.2", "..\08. Graduation pt.2\08. Graduation pt.2.csproj", "{BFDD3945-3AB9-4BA3-80A4-AA7230D5A524}"
EndProject
Project("{9A19103F-16F7-4668-BE54-9A1E7A4F7556}") = "09. Moving", "..\09. Moving\09. Moving.csproj", "{3308DFAA-FBBF-4D78-B725-AFBE140E6956}"
EndProject
Project("{9A19103F-16F7-4668-BE54-9A1E7A4F7556}") = "001. Old Books", "..\001. Old Books\001. Old Books.csproj", "{CCB2D58F-9F8F-4BC3-97EF-0D62671245FD}"
EndProject
Project("{9A19103F-16F7-4668-BE54-9A1E7A4F7556}") = "002. Exam Preparation", "..\002. Exam Preparation\002. Exam Preparation.csproj", "{F2E832A5-EA11-4E05-9679-875C93785CC9}"
EndProject
Project("{9A19103F-16F7-4668-BE54-9A1E7A4F7556}") = "003. Vacation", "..\003. Vacation\003. Vacation.csproj", "{689B9560-8CF1-4661-AFA6-CF883F2FCE98}"
EndProject
Project("{FAE04EC0-301F-11D3-BF4B-00C04F79EFBC}") = "004. Walking", "..\004. Walking\004. Walking.csproj", "{57B9EF9F-0739-4CCF-8863-B6E3160B89A9}"
EndProject
Project("{FAE04EC0-301F-11D3-BF4B-00C04F79EFBC}") = "005Coins2", "..\005Coins2\005Coins2.csproj", "{C246F21A-C4E3-463E-9483-129BFD825418}"
EndProject
Project("{FAE04EC0-301F-11D3-BF4B-00C04F79EFBC}") = "006.Cake", "..\006.Cake\006.Cake.csproj", "{6441CBF4-B7AE-4041-B593-1D9C23B3AA88}"
EndProject
Project("{FAE04EC0-301F-11D3-BF4B-00C04F79EFBC}") = "0001. Dishwasher", "..\0001. Dishwasher\0001. Dishwasher.csproj", "{8CC3448F-136F-4044-8A87-7D9AC03AAB64}"
EndProject
Project("{FAE04EC0-301F-11D3-BF4B-00C04F79EFBC}") = "0002. Report System", "..\0002. Report System\0002. Report System.csproj", "{9CCBAF01-EC0F-4E5D-BE66-4CEBCC415B10}"
EndProject
Project("{FAE04EC0-301F-11D3-BF4B-00C04F79EFBC}") = "0003. Stream Of Letters", "..\0003. Stream Of Letters\0003. Stream Of Letters.csproj", "{5CA03F3E-17DF-4023-B81F-11C14F55C359}"
EndProject
Project("{FAE04EC0-301F-11D3-BF4B-00C04F79EFBC}") = "0004. Numbers Divided by 3 Without Reminder", "..\0004. Numbers Divided by 3 Without Reminder\0004. Numbers Divided by 3 Without Reminder.csproj", "{1D640F83-7C77-4D8D-8130-2D759243955A}"
EndProject
Project("{FAE04EC0-301F-11D3-BF4B-00C04F79EFBC}") = "0005. Average Number", "..\0005. Average Number\0005. Average Number.csproj", "{6D025063-49BD-477B-9F01-B0D0244DFAD1}"
EndProject
Global
	GlobalSection(SolutionConfigurationPlatforms) = preSolution
		Debug|Any CPU = Debug|Any CPU
		Release|Any CPU = Release|Any CPU
	EndGlobalSection
	GlobalSection(ProjectConfigurationPlatforms) = postSolution
		{73111690-1FA9-4EC1-90B1-B837FF1868F0}.Debug|Any CPU.ActiveCfg = Debug|Any CPU
		{73111690-1FA9-4EC1-90B1-B837FF1868F0}.Debug|Any CPU.Build.0 = Debug|Any CPU
		{73111690-1FA9-4EC1-90B1-B837FF1868F0}.Release|Any CPU.ActiveCfg = Release|Any CPU
		{73111690-1FA9-4EC1-90B1-B837FF1868F0}.Release|Any CPU.Build.0 = Release|Any CPU
		{6BE18AD2-36EE-4F8A-B3F1-97858EFFE21F}.Debug|Any CPU.ActiveCfg = Debug|Any CPU
		{6BE18AD2-36EE-4F8A-B3F1-97858EFFE21F}.Debug|Any CPU.Build.0 = Debug|Any CPU
		{6BE18AD2-36EE-4F8A-B3F1-97858EFFE21F}.Release|Any CPU.ActiveCfg = Release|Any CPU
		{6BE18AD2-36EE-4F8A-B3F1-97858EFFE21F}.Release|Any CPU.Build.0 = Release|Any CPU
		{F05C167F-AA94-4E30-ABE9-B53C1B3344AB}.Debug|Any CPU.ActiveCfg = Debug|Any CPU
		{F05C167F-AA94-4E30-ABE9-B53C1B3344AB}.Debug|Any CPU.Build.0 = Debug|Any CPU
		{F05C167F-AA94-4E30-ABE9-B53C1B3344AB}.Release|Any CPU.ActiveCfg = Release|Any CPU
		{F05C167F-AA94-4E30-ABE9-B53C1B3344AB}.Release|Any CPU.Build.0 = Release|Any CPU
		{5DF4C5DF-9406-4A18-B200-EE71BC324022}.Debug|Any CPU.ActiveCfg = Debug|Any CPU
		{5DF4C5DF-9406-4A18-B200-EE71BC324022}.Debug|Any CPU.Build.0 = Debug|Any CPU
		{5DF4C5DF-9406-4A18-B200-EE71BC324022}.Release|Any CPU.ActiveCfg = Release|Any CPU
		{5DF4C5DF-9406-4A18-B200-EE71BC324022}.Release|Any CPU.Build.0 = Release|Any CPU
		{5309B2A6-64DD-4EB4-9484-E73D06AF66F7}.Debug|Any CPU.ActiveCfg = Debug|Any CPU
		{5309B2A6-64DD-4EB4-9484-E73D06AF66F7}.Debug|Any CPU.Build.0 = Debug|Any CPU
		{5309B2A6-64DD-4EB4-9484-E73D06AF66F7}.Release|Any CPU.ActiveCfg = Release|Any CPU
		{5309B2A6-64DD-4EB4-9484-E73D06AF66F7}.Release|Any CPU.Build.0 = Release|Any CPU
		{2CCDECF1-95DE-4E06-AD25-3164CA8CBF59}.Debug|Any CPU.ActiveCfg = Debug|Any CPU
		{2CCDECF1-95DE-4E06-AD25-3164CA8CBF59}.Debug|Any CPU.Build.0 = Debug|Any CPU
		{2CCDECF1-95DE-4E06-AD25-3164CA8CBF59}.Release|Any CPU.ActiveCfg = Release|Any CPU
		{2CCDECF1-95DE-4E06-AD25-3164CA8CBF59}.Release|Any CPU.Build.0 = Release|Any CPU
		{BA751951-BAC4-4FAB-B9F2-C07B1C8BB9DA}.Debug|Any CPU.ActiveCfg = Debug|Any CPU
		{BA751951-BAC4-4FAB-B9F2-C07B1C8BB9DA}.Debug|Any CPU.Build.0 = Debug|Any CPU
		{BA751951-BAC4-4FAB-B9F2-C07B1C8BB9DA}.Release|Any CPU.ActiveCfg = Release|Any CPU
		{BA751951-BAC4-4FAB-B9F2-C07B1C8BB9DA}.Release|Any CPU.Build.0 = Release|Any CPU
		{ACB72B06-0B21-493A-BE6F-4CBDB7D90328}.Debug|Any CPU.ActiveCfg = Debug|Any CPU
		{ACB72B06-0B21-493A-BE6F-4CBDB7D90328}.Debug|Any CPU.Build.0 = Debug|Any CPU
		{ACB72B06-0B21-493A-BE6F-4CBDB7D90328}.Release|Any CPU.ActiveCfg = Release|Any CPU
		{ACB72B06-0B21-493A-BE6F-4CBDB7D90328}.Release|Any CPU.Build.0 = Release|Any CPU
		{BFDD3945-3AB9-4BA3-80A4-AA7230D5A524}.Debug|Any CPU.ActiveCfg = Debug|Any CPU
		{BFDD3945-3AB9-4BA3-80A4-AA7230D5A524}.Debug|Any CPU.Build.0 = Debug|Any CPU
		{BFDD3945-3AB9-4BA3-80A4-AA7230D5A524}.Release|Any CPU.ActiveCfg = Release|Any CPU
		{BFDD3945-3AB9-4BA3-80A4-AA7230D5A524}.Release|Any CPU.Build.0 = Release|Any CPU
		{3308DFAA-FBBF-4D78-B725-AFBE140E6956}.Debug|Any CPU.ActiveCfg = Debug|Any CPU
		{3308DFAA-FBBF-4D78-B725-AFBE140E6956}.Debug|Any CPU.Build.0 = Debug|Any CPU
		{3308DFAA-FBBF-4D78-B725-AFBE140E6956}.Release|Any CPU.ActiveCfg = Release|Any CPU
		{3308DFAA-FBBF-4D78-B725-AFBE140E6956}.Release|Any CPU.Build.0 = Release|Any CPU
		{CCB2D58F-9F8F-4BC3-97EF-0D62671245FD}.Debug|Any CPU.ActiveCfg = Debug|Any CPU
		{CCB2D58F-9F8F-4BC3-97EF-0D62671245FD}.Debug|Any CPU.Build.0 = Debug|Any CPU
		{CCB2D58F-9F8F-4BC3-97EF-0D62671245FD}.Release|Any CPU.ActiveCfg = Release|Any CPU
		{CCB2D58F-9F8F-4BC3-97EF-0D62671245FD}.Release|Any CPU.Build.0 = Release|Any CPU
		{F2E832A5-EA11-4E05-9679-875C93785CC9}.Debug|Any CPU.ActiveCfg = Debug|Any CPU
		{F2E832A5-EA11-4E05-9679-875C93785CC9}.Debug|Any CPU.Build.0 = Debug|Any CPU
		{F2E832A5-EA11-4E05-9679-875C93785CC9}.Release|Any CPU.ActiveCfg = Release|Any CPU
		{F2E832A5-EA11-4E05-9679-875C93785CC9}.Release|Any CPU.Build.0 = Release|Any CPU
		{689B9560-8CF1-4661-AFA6-CF883F2FCE98}.Debug|Any CPU.ActiveCfg = Debug|Any CPU
		{689B9560-8CF1-4661-AFA6-CF883F2FCE98}.Debug|Any CPU.Build.0 = Debug|Any CPU
		{689B9560-8CF1-4661-AFA6-CF883F2FCE98}.Release|Any CPU.ActiveCfg = Release|Any CPU
		{689B9560-8CF1-4661-AFA6-CF883F2FCE98}.Release|Any CPU.Build.0 = Release|Any CPU
		{57B9EF9F-0739-4CCF-8863-B6E3160B89A9}.Debug|Any CPU.ActiveCfg = Debug|Any CPU
		{57B9EF9F-0739-4CCF-8863-B6E3160B89A9}.Debug|Any CPU.Build.0 = Debug|Any CPU
		{57B9EF9F-0739-4CCF-8863-B6E3160B89A9}.Release|Any CPU.ActiveCfg = Release|Any CPU
		{57B9EF9F-0739-4CCF-8863-B6E3160B89A9}.Release|Any CPU.Build.0 = Release|Any CPU
		{C246F21A-C4E3-463E-9483-129BFD825418}.Debug|Any CPU.ActiveCfg = Debug|Any CPU
		{C246F21A-C4E3-463E-9483-129BFD825418}.Debug|Any CPU.Build.0 = Debug|Any CPU
		{C246F21A-C4E3-463E-9483-129BFD825418}.Release|Any CPU.ActiveCfg = Release|Any CPU
		{C246F21A-C4E3-463E-9483-129BFD825418}.Release|Any CPU.Build.0 = Release|Any CPU
		{6441CBF4-B7AE-4041-B593-1D9C23B3AA88}.Debug|Any CPU.ActiveCfg = Debug|Any CPU
		{6441CBF4-B7AE-4041-B593-1D9C23B3AA88}.Debug|Any CPU.Build.0 = Debug|Any CPU
		{6441CBF4-B7AE-4041-B593-1D9C23B3AA88}.Release|Any CPU.ActiveCfg = Release|Any CPU
		{6441CBF4-B7AE-4041-B593-1D9C23B3AA88}.Release|Any CPU.Build.0 = Release|Any CPU
		{8CC3448F-136F-4044-8A87-7D9AC03AAB64}.Debug|Any CPU.ActiveCfg = Debug|Any CPU
		{8CC3448F-136F-4044-8A87-7D9AC03AAB64}.Debug|Any CPU.Build.0 = Debug|Any CPU
		{8CC3448F-136F-4044-8A87-7D9AC03AAB64}.Release|Any CPU.ActiveCfg = Release|Any CPU
		{8CC3448F-136F-4044-8A87-7D9AC03AAB64}.Release|Any CPU.Build.0 = Release|Any CPU
		{9CCBAF01-EC0F-4E5D-BE66-4CEBCC415B10}.Debug|Any CPU.ActiveCfg = Debug|Any CPU
		{9CCBAF01-EC0F-4E5D-BE66-4CEBCC415B10}.Debug|Any CPU.Build.0 = Debug|Any CPU
		{9CCBAF01-EC0F-4E5D-BE66-4CEBCC415B10}.Release|Any CPU.ActiveCfg = Release|Any CPU
		{9CCBAF01-EC0F-4E5D-BE66-4CEBCC415B10}.Release|Any CPU.Build.0 = Release|Any CPU
		{5CA03F3E-17DF-4023-B81F-11C14F55C359}.Debug|Any CPU.ActiveCfg = Debug|Any CPU
		{5CA03F3E-17DF-4023-B81F-11C14F55C359}.Debug|Any CPU.Build.0 = Debug|Any CPU
		{5CA03F3E-17DF-4023-B81F-11C14F55C359}.Release|Any CPU.ActiveCfg = Release|Any CPU
		{5CA03F3E-17DF-4023-B81F-11C14F55C359}.Release|Any CPU.Build.0 = Release|Any CPU
		{1D640F83-7C77-4D8D-8130-2D759243955A}.Debug|Any CPU.ActiveCfg = Debug|Any CPU
		{1D640F83-7C77-4D8D-8130-2D759243955A}.Debug|Any CPU.Build.0 = Debug|Any CPU
		{1D640F83-7C77-4D8D-8130-2D759243955A}.Release|Any CPU.ActiveCfg = Release|Any CPU
		{1D640F83-7C77-4D8D-8130-2D759243955A}.Release|Any CPU.Build.0 = Release|Any CPU
		{6D025063-49BD-477B-9F01-B0D0244DFAD1}.Debug|Any CPU.ActiveCfg = Debug|Any CPU
		{6D025063-49BD-477B-9F01-B0D0244DFAD1}.Debug|Any CPU.Build.0 = Debug|Any CPU
		{6D025063-49BD-477B-9F01-B0D0244DFAD1}.Release|Any CPU.ActiveCfg = Release|Any CPU
		{6D025063-49BD-477B-9F01-B0D0244DFAD1}.Release|Any CPU.Build.0 = Release|Any CPU
	EndGlobalSection
	GlobalSection(SolutionProperties) = preSolution
		HideSolutionNode = FALSE
	EndGlobalSection
	GlobalSection(ExtensibilityGlobals) = postSolution
		SolutionGuid = {B9833229-27D3-4183-86C0-8B152E99A91C}
	EndGlobalSection
EndGlobal
