
Microsoft Visual Studio Solution File, Format Version 12.00
# Visual Studio Version 16
VisualStudioVersion = 16.0.31205.134
MinimumVisualStudioVersion = 10.0.40219.1
Project("{FAE04EC0-301F-11D3-BF4B-00C04F79EFBC}") = "CharityCampaign", "CharityCampaign\CharityCampaign.csproj", "{814D1133-C84E-4837-A925-8588B356C611}"
EndProject
Global
	GlobalSection(SolutionConfigurationPlatforms) = preSolution
		Debug|Any CPU = Debug|Any CPU
		Release|Any CPU = Release|Any CPU
	EndGlobalSection
	GlobalSection(ProjectConfigurationPlatforms) = postSolution
		{814D1133-C84E-4837-A925-8588B356C611}.Debug|Any CPU.ActiveCfg = Debug|Any CPU
		{814D1133-C84E-4837-A925-8588B356C611}.Debug|Any CPU.Build.0 = Debug|Any CPU
		{814D1133-C84E-4837-A925-8588B356C611}.Release|Any CPU.ActiveCfg = Release|Any CPU
		{814D1133-C84E-4837-A925-8588B356C611}.Release|Any CPU.Build.0 = Release|Any CPU
	EndGlobalSection
	GlobalSection(SolutionProperties) = preSolution
		HideSolutionNode = FALSE
	EndGlobalSection
	GlobalSection(ExtensibilityGlobals) = postSolution
		SolutionGuid = {73F31B3E-7997-4B2B-B11E-EEA6B087B448}
	EndGlobalSection
EndGlobal
