
Microsoft Visual Studio Solution File, Format Version 12.00
# Visual Studio Version 16
VisualStudioVersion = 16.0.31205.134
MinimumVisualStudioVersion = 10.0.40219.1
Project("{FAE04EC0-301F-11D3-BF4B-00C04F79EFBC}") = "09. Yard Greening", "09. Yard Greening\09. Yard Greening.csproj", "{DD22CE6A-0E9F-4696-AAD3-BE14CE1DAA34}"
EndProject
Global
	GlobalSection(SolutionConfigurationPlatforms) = preSolution
		Debug|Any CPU = Debug|Any CPU
		Release|Any CPU = Release|Any CPU
	EndGlobalSection
	GlobalSection(ProjectConfigurationPlatforms) = postSolution
		{DD22CE6A-0E9F-4696-AAD3-BE14CE1DAA34}.Debug|Any CPU.ActiveCfg = Debug|Any CPU
		{DD22CE6A-0E9F-4696-AAD3-BE14CE1DAA34}.Debug|Any CPU.Build.0 = Debug|Any CPU
		{DD22CE6A-0E9F-4696-AAD3-BE14CE1DAA34}.Release|Any CPU.ActiveCfg = Release|Any CPU
		{DD22CE6A-0E9F-4696-AAD3-BE14CE1DAA34}.Release|Any CPU.Build.0 = Release|Any CPU
	EndGlobalSection
	GlobalSection(SolutionProperties) = preSolution
		HideSolutionNode = FALSE
	EndGlobalSection
	GlobalSection(ExtensibilityGlobals) = postSolution
		SolutionGuid = {89AE4F5A-6DB6-4393-B63E-C88CB2D27A31}
	EndGlobalSection
EndGlobal
