
Microsoft Visual Studio Solution File, Format Version 12.00
# Visual Studio Version 16
VisualStudioVersion = 16.0.31205.134
MinimumVisualStudioVersion = 10.0.40219.1
Project("{FAE04EC0-301F-11D3-BF4B-00C04F79EFBC}") = "06. Concatenate Data", "06. Concatenate Data\06. Concatenate Data.csproj", "{F323DA16-4BB4-4C2F-AFE6-8403B27790D7}"
EndProject
Global
	GlobalSection(SolutionConfigurationPlatforms) = preSolution
		Debug|Any CPU = Debug|Any CPU
		Release|Any CPU = Release|Any CPU
	EndGlobalSection
	GlobalSection(ProjectConfigurationPlatforms) = postSolution
		{F323DA16-4BB4-4C2F-AFE6-8403B27790D7}.Debug|Any CPU.ActiveCfg = Debug|Any CPU
		{F323DA16-4BB4-4C2F-AFE6-8403B27790D7}.Debug|Any CPU.Build.0 = Debug|Any CPU
		{F323DA16-4BB4-4C2F-AFE6-8403B27790D7}.Release|Any CPU.ActiveCfg = Release|Any CPU
		{F323DA16-4BB4-4C2F-AFE6-8403B27790D7}.Release|Any CPU.Build.0 = Release|Any CPU
	EndGlobalSection
	GlobalSection(SolutionProperties) = preSolution
		HideSolutionNode = FALSE
	EndGlobalSection
	GlobalSection(ExtensibilityGlobals) = postSolution
		SolutionGuid = {91F9267F-3A38-4AB7-9C1B-D7999791C7A2}
	EndGlobalSection
EndGlobal
