
Microsoft Visual Studio Solution File, Format Version 12.00
# Visual Studio Version 16
VisualStudioVersion = 16.0.31313.79
MinimumVisualStudioVersion = 10.0.40219.1
Project("{9A19103F-16F7-4668-BE54-9A1E7A4F7556}") = "ConditionalStatment", "ConditionalStatment\ConditionalStatment.csproj", "{FAC7EC4C-C0C5-4870-A629-2B99706DA4AD}"
EndProject
Project("{9A19103F-16F7-4668-BE54-9A1E7A4F7556}") = "DayOfWeek", "DayOfWeek\DayOfWeek.csproj", "{E4A2FD7D-AE8D-415C-8521-E4F57E9A18FD}"
EndProject
Project("{9A19103F-16F7-4668-BE54-9A1E7A4F7556}") = "weekendoRWorkingDay", "Weekend or Working Day\weekendoRWorkingDay.csproj", "{F44C99AB-7CD6-4B29-B84A-08E376BEFF1A}"
EndProject
Project("{9A19103F-16F7-4668-BE54-9A1E7A4F7556}") = "AnimalType", "AnimalType\AnimalType.csproj", "{2D9C199F-CE3E-4E4D-BC1D-46D34DE350C7}"
EndProject
Project("{9A19103F-16F7-4668-BE54-9A1E7A4F7556}") = "PersonalTitles", "PersonalTitles\PersonalTitles.csproj", "{4A7FCA97-9932-4E02-82D4-F0936BE5B4CB}"
EndProject
Project("{9A19103F-16F7-4668-BE54-9A1E7A4F7556}") = "SmallShop", "SmallShop\SmallShop.csproj", "{ED7BD00E-068D-4516-8511-CA83B37432B3}"
EndProject
Project("{9A19103F-16F7-4668-BE54-9A1E7A4F7556}") = "numberiNRange", "numberiNRange\numberiNRange.csproj", "{C5A2B2E7-9CF7-451D-BBCB-B22D96A8E9BE}"
EndProject
Project("{9A19103F-16F7-4668-BE54-9A1E7A4F7556}") = "WorkingHours", "WorkingHours\WorkingHours.csproj", "{85E18F8E-466B-4EE3-A4CF-8CF856E90B2F}"
EndProject
Project("{9A19103F-16F7-4668-BE54-9A1E7A4F7556}") = "CinemaTicket", "CinemaTicket\CinemaTicket.csproj", "{3D435E97-DB7B-4831-BEC4-B9D12C248B99}"
EndProject
Project("{9A19103F-16F7-4668-BE54-9A1E7A4F7556}") = "FruitOrVegetable", "FruitOrVegetable\FruitOrVegetable.csproj", "{DBC237FB-AE15-45E9-A4D3-0BA0E953D7C3}"
EndProject
Project("{9A19103F-16F7-4668-BE54-9A1E7A4F7556}") = "InvalidNumber", "InvalidNumber\InvalidNumber.csproj", "{77A8D18B-8F72-4E82-8955-B524398DFD0B}"
EndProject
Project("{9A19103F-16F7-4668-BE54-9A1E7A4F7556}") = "FruitShop", "FruitShop\FruitShop.csproj", "{2EBDD5A9-134E-4B49-9ED9-4E26C5E7300A}"
EndProject
Project("{9A19103F-16F7-4668-BE54-9A1E7A4F7556}") = "TradeCommissions", "TradeCommissions\TradeCommissions.csproj", "{F624FB9B-71F3-4D8E-933A-053ACEEE8673}"
EndProject
Project("{9A19103F-16F7-4668-BE54-9A1E7A4F7556}") = "SkiTrip", "SkiTrip\SkiTrip.csproj", "{B5BCCC87-79C7-4251-9954-E93C062F6088}"
EndProject
Project("{9A19103F-16F7-4668-BE54-9A1E7A4F7556}") = "01.Cinema", "01.Cinema\01.Cinema.csproj", "{5F85EBE0-22F2-40BA-9376-9081F0617AD7}"
EndProject
Project("{9A19103F-16F7-4668-BE54-9A1E7A4F7556}") = "02.SummerOutfit", "02.SummerOutfit\02.SummerOutfit.csproj", "{706F460C-60F8-4E6E-BDEC-097E2FE2EAE0}"
EndProject
Project("{9A19103F-16F7-4668-BE54-9A1E7A4F7556}") = "03.NewHouse", "03.NewHouse\03.NewHouse.csproj", "{0B4F3766-F055-4400-B2EA-A494E70A7B62}"
EndProject
Project("{9A19103F-16F7-4668-BE54-9A1E7A4F7556}") = "04.FishingBoat", "04.FishingBoat\04.FishingBoat.csproj", "{AB9F9A94-E137-4DFA-823B-01ABFC1CDC18}"
EndProject
Project("{9A19103F-16F7-4668-BE54-9A1E7A4F7556}") = "05.Journey", "05.Journey\05.Journey.csproj", "{FE1DB8F6-6479-4FFD-AB39-BA40E14E5EA4}"
EndProject
Project("{9A19103F-16F7-4668-BE54-9A1E7A4F7556}") = "06.OperationsBetweenNumbers", "06.OperationsBetweenNumbers\06.OperationsBetweenNumbers.csproj", "{6BE3F9FF-C3EC-44FC-8411-1BD0B8093085}"
EndProject
Project("{9A19103F-16F7-4668-BE54-9A1E7A4F7556}") = "07.HotelRoom", "07.HotelRoom\07.HotelRoom.csproj", "{3EAD7D3F-EF1C-495C-8F06-15F64407B56E}"
EndProject
Project("{9A19103F-16F7-4668-BE54-9A1E7A4F7556}") = "08OnTimeForTheExam", "08OnTimeForTheExam\08OnTimeForTheExam.csproj", "{8CDB04EE-48C0-42E0-8F08-E0ABA0BF1E11}"
EndProject
Project("{9A19103F-16F7-4668-BE54-9A1E7A4F7556}") = "09Voleyball", "09Voleyball\09Voleyball.csproj", "{E2500F5D-4A88-421B-9F6C-527E66E1269F}"
EndProject
Project("{9A19103F-16F7-4668-BE54-9A1E7A4F7556}") = "ticetsForMach", "ticetsForMach\ticetsForMach.csproj", "{E58F2BB2-52DA-41FE-9AA6-BC04F38C4B76}"
EndProject
Project("{9A19103F-16F7-4668-BE54-9A1E7A4F7556}") = "02BikeRace", "02BikeRace\02BikeRace.csproj", "{5D9155C3-9735-404F-B429-0ABED235B61B}"
EndProject
Project("{9A19103F-16F7-4668-BE54-9A1E7A4F7556}") = "03Flowers", "03Flowers\03Flowers.csproj", "{3C0EFF96-7813-4DF3-8378-032FCFCFB021}"
EndProject
Project("{9A19103F-16F7-4668-BE54-9A1E7A4F7556}") = "04CarToGo", "04CarToGo\04CarToGo.csproj", "{E4D6FC15-16DC-4D2A-A058-A4104DDB9B2B}"
EndProject
Project("{9A19103F-16F7-4668-BE54-9A1E7A4F7556}") = "05Vacation", "05Vacation\05Vacation.csproj", "{D5EF860E-8A4C-48E7-A8E8-8BDAA6F68B59}"
EndProject
Project("{9A19103F-16F7-4668-BE54-9A1E7A4F7556}") = "06TruckDriver", "06TruckDriver\06TruckDriver.csproj", "{D0CFB7F3-3521-46A7-BE53-7C9E533C7F93}"
EndProject
Project("{9A19103F-16F7-4668-BE54-9A1E7A4F7556}") = "07SchoolCamp", "07SchoolCamp\07SchoolCamp.csproj", "{7F7DA2AA-FF8D-4381-A95B-5E61EEB3C368}"
EndProject
Project("{9A19103F-16F7-4668-BE54-9A1E7A4F7556}") = "08PointOnRectangleBorder", "08PointOnRectangleBorder\08PointOnRectangleBorder.csproj", "{2F208D6A-DC8E-4860-AA7B-58E8007EA63B}"
EndProject
Project("{FAE04EC0-301F-11D3-BF4B-00C04F79EFBC}") = "09.NumbersFrom1To10", "09.NumbersFrom1To10\09.NumbersFrom1To10.csproj", "{D85F7E5E-C840-4E8C-A167-62E778B148F0}"
EndProject
Project("{FAE04EC0-301F-11D3-BF4B-00C04F79EFBC}") = "10MultiplyByTwo", "10MultiplyByTwo\10MultiplyByTwo.csproj", "{58342AF6-BBE0-45F5-96B7-72624AAF410A}"
EndProject
Global
	GlobalSection(SolutionConfigurationPlatforms) = preSolution
		Debug|Any CPU = Debug|Any CPU
		Release|Any CPU = Release|Any CPU
	EndGlobalSection
	GlobalSection(ProjectConfigurationPlatforms) = postSolution
		{FAC7EC4C-C0C5-4870-A629-2B99706DA4AD}.Debug|Any CPU.ActiveCfg = Debug|Any CPU
		{FAC7EC4C-C0C5-4870-A629-2B99706DA4AD}.Debug|Any CPU.Build.0 = Debug|Any CPU
		{FAC7EC4C-C0C5-4870-A629-2B99706DA4AD}.Release|Any CPU.ActiveCfg = Release|Any CPU
		{FAC7EC4C-C0C5-4870-A629-2B99706DA4AD}.Release|Any CPU.Build.0 = Release|Any CPU
		{E4A2FD7D-AE8D-415C-8521-E4F57E9A18FD}.Debug|Any CPU.ActiveCfg = Debug|Any CPU
		{E4A2FD7D-AE8D-415C-8521-E4F57E9A18FD}.Debug|Any CPU.Build.0 = Debug|Any CPU
		{E4A2FD7D-AE8D-415C-8521-E4F57E9A18FD}.Release|Any CPU.ActiveCfg = Release|Any CPU
		{E4A2FD7D-AE8D-415C-8521-E4F57E9A18FD}.Release|Any CPU.Build.0 = Release|Any CPU
		{F44C99AB-7CD6-4B29-B84A-08E376BEFF1A}.Debug|Any CPU.ActiveCfg = Debug|Any CPU
		{F44C99AB-7CD6-4B29-B84A-08E376BEFF1A}.Debug|Any CPU.Build.0 = Debug|Any CPU
		{F44C99AB-7CD6-4B29-B84A-08E376BEFF1A}.Release|Any CPU.ActiveCfg = Release|Any CPU
		{F44C99AB-7CD6-4B29-B84A-08E376BEFF1A}.Release|Any CPU.Build.0 = Release|Any CPU
		{2D9C199F-CE3E-4E4D-BC1D-46D34DE350C7}.Debug|Any CPU.ActiveCfg = Debug|Any CPU
		{2D9C199F-CE3E-4E4D-BC1D-46D34DE350C7}.Debug|Any CPU.Build.0 = Debug|Any CPU
		{2D9C199F-CE3E-4E4D-BC1D-46D34DE350C7}.Release|Any CPU.ActiveCfg = Release|Any CPU
		{2D9C199F-CE3E-4E4D-BC1D-46D34DE350C7}.Release|Any CPU.Build.0 = Release|Any CPU
		{4A7FCA97-9932-4E02-82D4-F0936BE5B4CB}.Debug|Any CPU.ActiveCfg = Debug|Any CPU
		{4A7FCA97-9932-4E02-82D4-F0936BE5B4CB}.Debug|Any CPU.Build.0 = Debug|Any CPU
		{4A7FCA97-9932-4E02-82D4-F0936BE5B4CB}.Release|Any CPU.ActiveCfg = Release|Any CPU
		{4A7FCA97-9932-4E02-82D4-F0936BE5B4CB}.Release|Any CPU.Build.0 = Release|Any CPU
		{ED7BD00E-068D-4516-8511-CA83B37432B3}.Debug|Any CPU.ActiveCfg = Debug|Any CPU
		{ED7BD00E-068D-4516-8511-CA83B37432B3}.Debug|Any CPU.Build.0 = Debug|Any CPU
		{ED7BD00E-068D-4516-8511-CA83B37432B3}.Release|Any CPU.ActiveCfg = Release|Any CPU
		{ED7BD00E-068D-4516-8511-CA83B37432B3}.Release|Any CPU.Build.0 = Release|Any CPU
		{C5A2B2E7-9CF7-451D-BBCB-B22D96A8E9BE}.Debug|Any CPU.ActiveCfg = Debug|Any CPU
		{C5A2B2E7-9CF7-451D-BBCB-B22D96A8E9BE}.Debug|Any CPU.Build.0 = Debug|Any CPU
		{C5A2B2E7-9CF7-451D-BBCB-B22D96A8E9BE}.Release|Any CPU.ActiveCfg = Release|Any CPU
		{C5A2B2E7-9CF7-451D-BBCB-B22D96A8E9BE}.Release|Any CPU.Build.0 = Release|Any CPU
		{85E18F8E-466B-4EE3-A4CF-8CF856E90B2F}.Debug|Any CPU.ActiveCfg = Debug|Any CPU
		{85E18F8E-466B-4EE3-A4CF-8CF856E90B2F}.Debug|Any CPU.Build.0 = Debug|Any CPU
		{85E18F8E-466B-4EE3-A4CF-8CF856E90B2F}.Release|Any CPU.ActiveCfg = Release|Any CPU
		{85E18F8E-466B-4EE3-A4CF-8CF856E90B2F}.Release|Any CPU.Build.0 = Release|Any CPU
		{3D435E97-DB7B-4831-BEC4-B9D12C248B99}.Debug|Any CPU.ActiveCfg = Debug|Any CPU
		{3D435E97-DB7B-4831-BEC4-B9D12C248B99}.Debug|Any CPU.Build.0 = Debug|Any CPU
		{3D435E97-DB7B-4831-BEC4-B9D12C248B99}.Release|Any CPU.ActiveCfg = Release|Any CPU
		{3D435E97-DB7B-4831-BEC4-B9D12C248B99}.Release|Any CPU.Build.0 = Release|Any CPU
		{DBC237FB-AE15-45E9-A4D3-0BA0E953D7C3}.Debug|Any CPU.ActiveCfg = Debug|Any CPU
		{DBC237FB-AE15-45E9-A4D3-0BA0E953D7C3}.Debug|Any CPU.Build.0 = Debug|Any CPU
		{DBC237FB-AE15-45E9-A4D3-0BA0E953D7C3}.Release|Any CPU.ActiveCfg = Release|Any CPU
		{DBC237FB-AE15-45E9-A4D3-0BA0E953D7C3}.Release|Any CPU.Build.0 = Release|Any CPU
		{77A8D18B-8F72-4E82-8955-B524398DFD0B}.Debug|Any CPU.ActiveCfg = Debug|Any CPU
		{77A8D18B-8F72-4E82-8955-B524398DFD0B}.Debug|Any CPU.Build.0 = Debug|Any CPU
		{77A8D18B-8F72-4E82-8955-B524398DFD0B}.Release|Any CPU.ActiveCfg = Release|Any CPU
		{77A8D18B-8F72-4E82-8955-B524398DFD0B}.Release|Any CPU.Build.0 = Release|Any CPU
		{2EBDD5A9-134E-4B49-9ED9-4E26C5E7300A}.Debug|Any CPU.ActiveCfg = Debug|Any CPU
		{2EBDD5A9-134E-4B49-9ED9-4E26C5E7300A}.Debug|Any CPU.Build.0 = Debug|Any CPU
		{2EBDD5A9-134E-4B49-9ED9-4E26C5E7300A}.Release|Any CPU.ActiveCfg = Release|Any CPU
		{2EBDD5A9-134E-4B49-9ED9-4E26C5E7300A}.Release|Any CPU.Build.0 = Release|Any CPU
		{F624FB9B-71F3-4D8E-933A-053ACEEE8673}.Debug|Any CPU.ActiveCfg = Debug|Any CPU
		{F624FB9B-71F3-4D8E-933A-053ACEEE8673}.Debug|Any CPU.Build.0 = Debug|Any CPU
		{F624FB9B-71F3-4D8E-933A-053ACEEE8673}.Release|Any CPU.ActiveCfg = Release|Any CPU
		{F624FB9B-71F3-4D8E-933A-053ACEEE8673}.Release|Any CPU.Build.0 = Release|Any CPU
		{B5BCCC87-79C7-4251-9954-E93C062F6088}.Debug|Any CPU.ActiveCfg = Debug|Any CPU
		{B5BCCC87-79C7-4251-9954-E93C062F6088}.Debug|Any CPU.Build.0 = Debug|Any CPU
		{B5BCCC87-79C7-4251-9954-E93C062F6088}.Release|Any CPU.ActiveCfg = Release|Any CPU
		{B5BCCC87-79C7-4251-9954-E93C062F6088}.Release|Any CPU.Build.0 = Release|Any CPU
		{5F85EBE0-22F2-40BA-9376-9081F0617AD7}.Debug|Any CPU.ActiveCfg = Debug|Any CPU
		{5F85EBE0-22F2-40BA-9376-9081F0617AD7}.Debug|Any CPU.Build.0 = Debug|Any CPU
		{5F85EBE0-22F2-40BA-9376-9081F0617AD7}.Release|Any CPU.ActiveCfg = Release|Any CPU
		{5F85EBE0-22F2-40BA-9376-9081F0617AD7}.Release|Any CPU.Build.0 = Release|Any CPU
		{706F460C-60F8-4E6E-BDEC-097E2FE2EAE0}.Debug|Any CPU.ActiveCfg = Debug|Any CPU
		{706F460C-60F8-4E6E-BDEC-097E2FE2EAE0}.Debug|Any CPU.Build.0 = Debug|Any CPU
		{706F460C-60F8-4E6E-BDEC-097E2FE2EAE0}.Release|Any CPU.ActiveCfg = Release|Any CPU
		{706F460C-60F8-4E6E-BDEC-097E2FE2EAE0}.Release|Any CPU.Build.0 = Release|Any CPU
		{0B4F3766-F055-4400-B2EA-A494E70A7B62}.Debug|Any CPU.ActiveCfg = Debug|Any CPU
		{0B4F3766-F055-4400-B2EA-A494E70A7B62}.Debug|Any CPU.Build.0 = Debug|Any CPU
		{0B4F3766-F055-4400-B2EA-A494E70A7B62}.Release|Any CPU.ActiveCfg = Release|Any CPU
		{0B4F3766-F055-4400-B2EA-A494E70A7B62}.Release|Any CPU.Build.0 = Release|Any CPU
		{AB9F9A94-E137-4DFA-823B-01ABFC1CDC18}.Debug|Any CPU.ActiveCfg = Debug|Any CPU
		{AB9F9A94-E137-4DFA-823B-01ABFC1CDC18}.Debug|Any CPU.Build.0 = Debug|Any CPU
		{AB9F9A94-E137-4DFA-823B-01ABFC1CDC18}.Release|Any CPU.ActiveCfg = Release|Any CPU
		{AB9F9A94-E137-4DFA-823B-01ABFC1CDC18}.Release|Any CPU.Build.0 = Release|Any CPU
		{FE1DB8F6-6479-4FFD-AB39-BA40E14E5EA4}.Debug|Any CPU.ActiveCfg = Debug|Any CPU
		{FE1DB8F6-6479-4FFD-AB39-BA40E14E5EA4}.Debug|Any CPU.Build.0 = Debug|Any CPU
		{FE1DB8F6-6479-4FFD-AB39-BA40E14E5EA4}.Release|Any CPU.ActiveCfg = Release|Any CPU
		{FE1DB8F6-6479-4FFD-AB39-BA40E14E5EA4}.Release|Any CPU.Build.0 = Release|Any CPU
		{6BE3F9FF-C3EC-44FC-8411-1BD0B8093085}.Debug|Any CPU.ActiveCfg = Debug|Any CPU
		{6BE3F9FF-C3EC-44FC-8411-1BD0B8093085}.Debug|Any CPU.Build.0 = Debug|Any CPU
		{6BE3F9FF-C3EC-44FC-8411-1BD0B8093085}.Release|Any CPU.ActiveCfg = Release|Any CPU
		{6BE3F9FF-C3EC-44FC-8411-1BD0B8093085}.Release|Any CPU.Build.0 = Release|Any CPU
		{3EAD7D3F-EF1C-495C-8F06-15F64407B56E}.Debug|Any CPU.ActiveCfg = Debug|Any CPU
		{3EAD7D3F-EF1C-495C-8F06-15F64407B56E}.Debug|Any CPU.Build.0 = Debug|Any CPU
		{3EAD7D3F-EF1C-495C-8F06-15F64407B56E}.Release|Any CPU.ActiveCfg = Release|Any CPU
		{3EAD7D3F-EF1C-495C-8F06-15F64407B56E}.Release|Any CPU.Build.0 = Release|Any CPU
		{8CDB04EE-48C0-42E0-8F08-E0ABA0BF1E11}.Debug|Any CPU.ActiveCfg = Debug|Any CPU
		{8CDB04EE-48C0-42E0-8F08-E0ABA0BF1E11}.Debug|Any CPU.Build.0 = Debug|Any CPU
		{8CDB04EE-48C0-42E0-8F08-E0ABA0BF1E11}.Release|Any CPU.ActiveCfg = Release|Any CPU
		{8CDB04EE-48C0-42E0-8F08-E0ABA0BF1E11}.Release|Any CPU.Build.0 = Release|Any CPU
		{E2500F5D-4A88-421B-9F6C-527E66E1269F}.Debug|Any CPU.ActiveCfg = Debug|Any CPU
		{E2500F5D-4A88-421B-9F6C-527E66E1269F}.Debug|Any CPU.Build.0 = Debug|Any CPU
		{E2500F5D-4A88-421B-9F6C-527E66E1269F}.Release|Any CPU.ActiveCfg = Release|Any CPU
		{E2500F5D-4A88-421B-9F6C-527E66E1269F}.Release|Any CPU.Build.0 = Release|Any CPU
		{E58F2BB2-52DA-41FE-9AA6-BC04F38C4B76}.Debug|Any CPU.ActiveCfg = Debug|Any CPU
		{E58F2BB2-52DA-41FE-9AA6-BC04F38C4B76}.Debug|Any CPU.Build.0 = Debug|Any CPU
		{E58F2BB2-52DA-41FE-9AA6-BC04F38C4B76}.Release|Any CPU.ActiveCfg = Release|Any CPU
		{E58F2BB2-52DA-41FE-9AA6-BC04F38C4B76}.Release|Any CPU.Build.0 = Release|Any CPU
		{5D9155C3-9735-404F-B429-0ABED235B61B}.Debug|Any CPU.ActiveCfg = Debug|Any CPU
		{5D9155C3-9735-404F-B429-0ABED235B61B}.Debug|Any CPU.Build.0 = Debug|Any CPU
		{5D9155C3-9735-404F-B429-0ABED235B61B}.Release|Any CPU.ActiveCfg = Release|Any CPU
		{5D9155C3-9735-404F-B429-0ABED235B61B}.Release|Any CPU.Build.0 = Release|Any CPU
		{3C0EFF96-7813-4DF3-8378-032FCFCFB021}.Debug|Any CPU.ActiveCfg = Debug|Any CPU
		{3C0EFF96-7813-4DF3-8378-032FCFCFB021}.Debug|Any CPU.Build.0 = Debug|Any CPU
		{3C0EFF96-7813-4DF3-8378-032FCFCFB021}.Release|Any CPU.ActiveCfg = Release|Any CPU
		{3C0EFF96-7813-4DF3-8378-032FCFCFB021}.Release|Any CPU.Build.0 = Release|Any CPU
		{E4D6FC15-16DC-4D2A-A058-A4104DDB9B2B}.Debug|Any CPU.ActiveCfg = Debug|Any CPU
		{E4D6FC15-16DC-4D2A-A058-A4104DDB9B2B}.Debug|Any CPU.Build.0 = Debug|Any CPU
		{E4D6FC15-16DC-4D2A-A058-A4104DDB9B2B}.Release|Any CPU.ActiveCfg = Release|Any CPU
		{E4D6FC15-16DC-4D2A-A058-A4104DDB9B2B}.Release|Any CPU.Build.0 = Release|Any CPU
		{D5EF860E-8A4C-48E7-A8E8-8BDAA6F68B59}.Debug|Any CPU.ActiveCfg = Debug|Any CPU
		{D5EF860E-8A4C-48E7-A8E8-8BDAA6F68B59}.Debug|Any CPU.Build.0 = Debug|Any CPU
		{D5EF860E-8A4C-48E7-A8E8-8BDAA6F68B59}.Release|Any CPU.ActiveCfg = Release|Any CPU
		{D5EF860E-8A4C-48E7-A8E8-8BDAA6F68B59}.Release|Any CPU.Build.0 = Release|Any CPU
		{D0CFB7F3-3521-46A7-BE53-7C9E533C7F93}.Debug|Any CPU.ActiveCfg = Debug|Any CPU
		{D0CFB7F3-3521-46A7-BE53-7C9E533C7F93}.Debug|Any CPU.Build.0 = Debug|Any CPU
		{D0CFB7F3-3521-46A7-BE53-7C9E533C7F93}.Release|Any CPU.ActiveCfg = Release|Any CPU
		{D0CFB7F3-3521-46A7-BE53-7C9E533C7F93}.Release|Any CPU.Build.0 = Release|Any CPU
		{7F7DA2AA-FF8D-4381-A95B-5E61EEB3C368}.Debug|Any CPU.ActiveCfg = Debug|Any CPU
		{7F7DA2AA-FF8D-4381-A95B-5E61EEB3C368}.Debug|Any CPU.Build.0 = Debug|Any CPU
		{7F7DA2AA-FF8D-4381-A95B-5E61EEB3C368}.Release|Any CPU.ActiveCfg = Release|Any CPU
		{7F7DA2AA-FF8D-4381-A95B-5E61EEB3C368}.Release|Any CPU.Build.0 = Release|Any CPU
		{2F208D6A-DC8E-4860-AA7B-58E8007EA63B}.Debug|Any CPU.ActiveCfg = Debug|Any CPU
		{2F208D6A-DC8E-4860-AA7B-58E8007EA63B}.Debug|Any CPU.Build.0 = Debug|Any CPU
		{2F208D6A-DC8E-4860-AA7B-58E8007EA63B}.Release|Any CPU.ActiveCfg = Release|Any CPU
		{2F208D6A-DC8E-4860-AA7B-58E8007EA63B}.Release|Any CPU.Build.0 = Release|Any CPU
		{D85F7E5E-C840-4E8C-A167-62E778B148F0}.Debug|Any CPU.ActiveCfg = Debug|Any CPU
		{D85F7E5E-C840-4E8C-A167-62E778B148F0}.Debug|Any CPU.Build.0 = Debug|Any CPU
		{D85F7E5E-C840-4E8C-A167-62E778B148F0}.Release|Any CPU.ActiveCfg = Release|Any CPU
		{D85F7E5E-C840-4E8C-A167-62E778B148F0}.Release|Any CPU.Build.0 = Release|Any CPU
		{58342AF6-BBE0-45F5-96B7-72624AAF410A}.Debug|Any CPU.ActiveCfg = Debug|Any CPU
		{58342AF6-BBE0-45F5-96B7-72624AAF410A}.Debug|Any CPU.Build.0 = Debug|Any CPU
		{58342AF6-BBE0-45F5-96B7-72624AAF410A}.Release|Any CPU.ActiveCfg = Release|Any CPU
		{58342AF6-BBE0-45F5-96B7-72624AAF410A}.Release|Any CPU.Build.0 = Release|Any CPU
	EndGlobalSection
	GlobalSection(SolutionProperties) = preSolution
		HideSolutionNode = FALSE
	EndGlobalSection
	GlobalSection(ExtensibilityGlobals) = postSolution
		SolutionGuid = {6C5D75FA-E95C-4E79-9021-E2E1818F71E6}
	EndGlobalSection
EndGlobal
