
Microsoft Visual Studio Solution File, Format Version 12.00
# Visual Studio Version 16
VisualStudioVersion = 16.0.31402.337
MinimumVisualStudioVersion = 10.0.40219.1
Project("{9A19103F-16F7-4668-BE54-9A1E7A4F7556}") = "Programming Basics Online Exam - 6 and 7 April 2019", "Programming Basics Online Exam - 6 and 7 April 2019.csproj", "{1284D627-F41D-4139-8D19-5649A6C8AF71}"
EndProject
Project("{9A19103F-16F7-4668-BE54-9A1E7A4F7556}") = "02. Godzilla vs. Kong", "..\02. Godzilla vs. Kong\02. Godzilla vs. Kong.csproj", "{622D8A11-02EE-4832-BE28-80FCDB63D12A}"
EndProject
Project("{9A19103F-16F7-4668-BE54-9A1E7A4F7556}") = "03. Oscars week in cinema", "..\03. Oscars week in cinema\03. Oscars week in cinema.csproj", "{B3CD1902-667D-4938-ADE2-9B275DB7E5B2}"
EndProject
Project("{9A19103F-16F7-4668-BE54-9A1E7A4F7556}") = "04. Cinema Voucher", "..\04. Cinema Voucher\04. Cinema Voucher.csproj", "{13AD1A8F-CAB2-4AA6-8298-F49F2AB5E222}"
EndProject
Project("{9A19103F-16F7-4668-BE54-9A1E7A4F7556}") = "05. Movie Ratings", "..\05. Movie Ratings\05. Movie Ratings.csproj", "{26DA66A5-8E04-4C5F-8620-9680D0F2114E}"
EndProject
Project("{9A19103F-16F7-4668-BE54-9A1E7A4F7556}") = "06. Cinema Tickets", "..\06. Cinema Tickets\06. Cinema Tickets.csproj", "{43FA9200-3D9C-4C2A-A716-37DD45709F26}"
EndProject
Global
	GlobalSection(SolutionConfigurationPlatforms) = preSolution
		Debug|Any CPU = Debug|Any CPU
		Release|Any CPU = Release|Any CPU
	EndGlobalSection
	GlobalSection(ProjectConfigurationPlatforms) = postSolution
		{1284D627-F41D-4139-8D19-5649A6C8AF71}.Debug|Any CPU.ActiveCfg = Debug|Any CPU
		{1284D627-F41D-4139-8D19-5649A6C8AF71}.Debug|Any CPU.Build.0 = Debug|Any CPU
		{1284D627-F41D-4139-8D19-5649A6C8AF71}.Release|Any CPU.ActiveCfg = Release|Any CPU
		{1284D627-F41D-4139-8D19-5649A6C8AF71}.Release|Any CPU.Build.0 = Release|Any CPU
		{622D8A11-02EE-4832-BE28-80FCDB63D12A}.Debug|Any CPU.ActiveCfg = Debug|Any CPU
		{622D8A11-02EE-4832-BE28-80FCDB63D12A}.Debug|Any CPU.Build.0 = Debug|Any CPU
		{622D8A11-02EE-4832-BE28-80FCDB63D12A}.Release|Any CPU.ActiveCfg = Release|Any CPU
		{622D8A11-02EE-4832-BE28-80FCDB63D12A}.Release|Any CPU.Build.0 = Release|Any CPU
		{B3CD1902-667D-4938-ADE2-9B275DB7E5B2}.Debug|Any CPU.ActiveCfg = Debug|Any CPU
		{B3CD1902-667D-4938-ADE2-9B275DB7E5B2}.Debug|Any CPU.Build.0 = Debug|Any CPU
		{B3CD1902-667D-4938-ADE2-9B275DB7E5B2}.Release|Any CPU.ActiveCfg = Release|Any CPU
		{B3CD1902-667D-4938-ADE2-9B275DB7E5B2}.Release|Any CPU.Build.0 = Release|Any CPU
		{13AD1A8F-CAB2-4AA6-8298-F49F2AB5E222}.Debug|Any CPU.ActiveCfg = Debug|Any CPU
		{13AD1A8F-CAB2-4AA6-8298-F49F2AB5E222}.Debug|Any CPU.Build.0 = Debug|Any CPU
		{13AD1A8F-CAB2-4AA6-8298-F49F2AB5E222}.Release|Any CPU.ActiveCfg = Release|Any CPU
		{13AD1A8F-CAB2-4AA6-8298-F49F2AB5E222}.Release|Any CPU.Build.0 = Release|Any CPU
		{26DA66A5-8E04-4C5F-8620-9680D0F2114E}.Debug|Any CPU.ActiveCfg = Debug|Any CPU
		{26DA66A5-8E04-4C5F-8620-9680D0F2114E}.Debug|Any CPU.Build.0 = Debug|Any CPU
		{26DA66A5-8E04-4C5F-8620-9680D0F2114E}.Release|Any CPU.ActiveCfg = Release|Any CPU
		{26DA66A5-8E04-4C5F-8620-9680D0F2114E}.Release|Any CPU.Build.0 = Release|Any CPU
		{43FA9200-3D9C-4C2A-A716-37DD45709F26}.Debug|Any CPU.ActiveCfg = Debug|Any CPU
		{43FA9200-3D9C-4C2A-A716-37DD45709F26}.Debug|Any CPU.Build.0 = Debug|Any CPU
		{43FA9200-3D9C-4C2A-A716-37DD45709F26}.Release|Any CPU.ActiveCfg = Release|Any CPU
		{43FA9200-3D9C-4C2A-A716-37DD45709F26}.Release|Any CPU.Build.0 = Release|Any CPU
	EndGlobalSection
	GlobalSection(SolutionProperties) = preSolution
		HideSolutionNode = FALSE
	EndGlobalSection
	GlobalSection(ExtensibilityGlobals) = postSolution
		SolutionGuid = {EF4A8F16-8D02-42E9-A533-30C1EDC485FA}
	EndGlobalSection
EndGlobal
